
Microsoft Visual Studio Solution File, Format Version 12.00
# Visual Studio Version 17
VisualStudioVersion = 17.4.33205.214
MinimumVisualStudioVersion = 10.0.40219.1
Project("{2150E333-8FDC-42A3-9474-1A3956D46DE8}") = "Exemplo1", "Exemplo1", "{86096A4B-CDA3-418A-89BF-CD323A667474}"
EndProject
Project("{FAE04EC0-301F-11D3-BF4B-00C04F79EFBC}") = "EstudoRabbitMqPublisher", "Ex1Publisher\EstudoRabbitMqPublisher.csproj", "{D3FE8653-79B7-40A9-9BC9-62847D52B15E}"
EndProject
Global
	GlobalSection(SolutionConfigurationPlatforms) = preSolution
		Debug|Any CPU = Debug|Any CPU
		Release|Any CPU = Release|Any CPU
	EndGlobalSection
	GlobalSection(ProjectConfigurationPlatforms) = postSolution
		{D3FE8653-79B7-40A9-9BC9-62847D52B15E}.Debug|Any CPU.ActiveCfg = Debug|Any CPU
		{D3FE8653-79B7-40A9-9BC9-62847D52B15E}.Debug|Any CPU.Build.0 = Debug|Any CPU
		{D3FE8653-79B7-40A9-9BC9-62847D52B15E}.Release|Any CPU.ActiveCfg = Release|Any CPU
		{D3FE8653-79B7-40A9-9BC9-62847D52B15E}.Release|Any CPU.Build.0 = Release|Any CPU
	EndGlobalSection
	GlobalSection(SolutionProperties) = preSolution
		HideSolutionNode = FALSE
	EndGlobalSection
	GlobalSection(NestedProjects) = preSolution
		{D3FE8653-79B7-40A9-9BC9-62847D52B15E} = {86096A4B-CDA3-418A-89BF-CD323A667474}
	EndGlobalSection
	GlobalSection(ExtensibilityGlobals) = postSolution
		SolutionGuid = {78DD0E96-0302-4B67-9CEA-8CFD387D6F3D}
	EndGlobalSection
EndGlobal
